// !$*UTF8*$!
{
	archiveVersion = 1;
	classes = {
	};
	objectVersion = 50;
	objects = {

/* Begin PBXBuildFile section */
		412A157025C5A070007C9141 /* AppDelegate.swift in Sources */ = {isa = PBXBuildFile; fileRef = 412A156F25C5A070007C9141 /* AppDelegate.swift */; };
		412A157225C5A070007C9141 /* ViewController.swift in Sources */ = {isa = PBXBuildFile; fileRef = 412A157125C5A070007C9141 /* ViewController.swift */; };
		412A157525C5A070007C9141 /* Main.storyboard in Resources */ = {isa = PBXBuildFile; fileRef = 412A157325C5A070007C9141 /* Main.storyboard */; };
		412A157825C5A070007C9141 /* testSwifter.xcdatamodeld in Sources */ = {isa = PBXBuildFile; fileRef = 412A157625C5A070007C9141 /* testSwifter.xcdatamodeld */; };
		412A157A25C5A072007C9141 /* Assets.xcassets in Resources */ = {isa = PBXBuildFile; fileRef = 412A157925C5A072007C9141 /* Assets.xcassets */; };
		412A157D25C5A072007C9141 /* LaunchScreen.storyboard in Resources */ = {isa = PBXBuildFile; fileRef = 412A157B25C5A072007C9141 /* LaunchScreen.storyboard */; };
/* End PBXBuildFile section */

/* Begin PBXFileReference section */
		412A156C25C5A070007C9141 /* testSwifter.app */ = {isa = PBXFileReference; explicitFileType = wrapper.application; includeInIndex = 0; path = testSwifter.app; sourceTree = BUILT_PRODUCTS_DIR; };
		412A156F25C5A070007C9141 /* AppDelegate.swift */ = {isa = PBXFileReference; lastKnownFileType = sourcecode.swift; path = AppDelegate.swift; sourceTree = "<group>"; };
		412A157125C5A070007C9141 /* ViewController.swift */ = {isa = PBXFileReference; lastKnownFileType = sourcecode.swift; path = ViewController.swift; sourceTree = "<group>"; };
		412A157425C5A070007C9141 /* Base */ = {isa = PBXFileReference; lastKnownFileType = file.storyboard; name = Base; path = Base.lproj/Main.storyboard; sourceTree = "<group>"; };
		412A157725C5A070007C9141 /* testSwifter.xcdatamodel */ = {isa = PBXFileReference; lastKnownFileType = wrapper.xcdatamodel; path = testSwifter.xcdatamodel; sourceTree = "<group>"; };
		412A157925C5A072007C9141 /* Assets.xcassets */ = {isa = PBXFileReference; lastKnownFileType = folder.assetcatalog; path = Assets.xcassets; sourceTree = "<group>"; };
		412A157C25C5A072007C9141 /* Base */ = {isa = PBXFileReference; lastKnownFileType = file.storyboard; name = Base; path = Base.lproj/LaunchScreen.storyboard; sourceTree = "<group>"; };
		412A157E25C5A072007C9141 /* Info.plist */ = {isa = PBXFileReference; lastKnownFileType = text.plist.xml; path = Info.plist; sourceTree = "<group>"; };
/* End PBXFileReference section */

/* Begin PBXFrameworksBuildPhase section */
		412A156925C5A070007C9141 /* Frameworks */ = {
			isa = PBXFrameworksBuildPhase;
			buildActionMask = 2147483647;
			files = (
			);
			runOnlyForDeploymentPostprocessing = 0;
		};
/* End PBXFrameworksBuildPhase section */

/* Begin PBXGroup section */
		412A156325C5A070007C9141 = {
			isa = PBXGroup;
			children = (
				412A156E25C5A070007C9141 /* testSwifter */,
				412A156D25C5A070007C9141 /* Products */,
			);
			sourceTree = "<group>";
		};
		412A156D25C5A070007C9141 /* Products */ = {
			isa = PBXGroup;
			children = (
				412A156C25C5A070007C9141 /* testSwifter.app */,
			);
			name = Products;
			sourceTree = "<group>";
		};
		412A156E25C5A070007C9141 /* testSwifter */ = {
			isa = PBXGroup;
			children = (
				412A156F25C5A070007C9141 /* AppDelegate.swift */,
				412A157125C5A070007C9141 /* ViewController.swift */,
				412A157325C5A070007C9141 /* Main.storyboard */,
				412A157925C5A072007C9141 /* Assets.xcassets */,
				412A157B25C5A072007C9141 /* LaunchScreen.storyboard */,
				412A157E25C5A072007C9141 /* Info.plist */,
				412A157625C5A070007C9141 /* testSwifter.xcdatamodeld */,
			);
			path = testSwifter;
			sourceTree = "<group>";
		};
/* End PBXGroup section */

/* Begin PBXNativeTarget section */
		412A156B25C5A070007C9141 /* testSwifter */ = {
			isa = PBXNativeTarget;
			buildConfigurationList = 412A158125C5A072007C9141 /* Build configuration list for PBXNativeTarget "testSwifter" */;
			buildPhases = (
				412A156825C5A070007C9141 /* Sources */,
				412A156925C5A070007C9141 /* Frameworks */,
				412A156A25C5A070007C9141 /* Resources */,
			);
			buildRules = (
			);
			dependencies = (
			);
			name = testSwifter;
			productName = testSwifter;
			productReference = 412A156C25C5A070007C9141 /* testSwifter.app */;
			productType = "com.apple.product-type.application";
		};
/* End PBXNativeTarget section */

/* Begin PBXProject section */
		412A156425C5A070007C9141 /* Project object */ = {
			isa = PBXProject;
			attributes = {
				LastSwiftUpdateCheck = 1240;
				LastUpgradeCheck = 1240;
				TargetAttributes = {
					412A156B25C5A070007C9141 = {
						CreatedOnToolsVersion = 12.4;
					};
				};
			};
			buildConfigurationList = 412A156725C5A070007C9141 /* Build configuration list for PBXProject "testSwifter" */;
			compatibilityVersion = "Xcode 9.3";
			developmentRegion = en;
			hasScannedForEncodings = 0;
			knownRegions = (
				en,
				Base,
			);
			mainGroup = 412A156325C5A070007C9141;
			productRefGroup = 412A156D25C5A070007C9141 /* Products */;
			projectDirPath = "";
			projectRoot = "";
			targets = (
				412A156B25C5A070007C9141 /* testSwifter */,
			);
		};
/* End PBXProject section */

/* Begin PBXResourcesBuildPhase section */
		412A156A25C5A070007C9141 /* Resources */ = {
			isa = PBXResourcesBuildPhase;
			buildActionMask = 2147483647;
			files = (
				412A157D25C5A072007C9141 /* LaunchScreen.storyboard in Resources */,
				412A157A25C5A072007C9141 /* Assets.xcassets in Resources */,
				412A157525C5A070007C9141 /* Main.storyboard in Resources */,
			);
			runOnlyForDeploymentPostprocessing = 0;
		};
/* End PBXResourcesBuildPhase section */

/* Begin PBXSourcesBuildPhase section */
		412A156825C5A070007C9141 /* Sources */ = {
			isa = PBXSourcesBuildPhase;
			buildActionMask = 2147483647;
			files = (
				412A157225C5A070007C9141 /* ViewController.swift in Sources */,
				412A157025C5A070007C9141 /* AppDelegate.swift in Sources */,
				412A157825C5A070007C9141 /* testSwifter.xcdatamodeld in Sources */,
			);
			runOnlyForDeploymentPostprocessing = 0;
		};
/* End PBXSourcesBuildPhase section */

/* Begin PBXVariantGroup section */
		412A157325C5A070007C9141 /* Main.storyboard */ = {
			isa = PBXVariantGroup;
			children = (
				412A157425C5A070007C9141 /* Base */,
			);
			name = Main.storyboard;
			sourceTree = "<group>";
		};
		412A157B25C5A072007C9141 /* LaunchScreen.storyboard */ = {
			isa = PBXVariantGroup;
			children = (
				412A157C25C5A072007C9141 /* Base */,
			);
			name = LaunchScreen.storyboard;
			sourceTree = "<group>";
		};
/* End PBXVariantGroup section */

/* Begin XCBuildConfiguration section */
		412A157F25C5A072007C9141 /* Debug */ = {
			isa = XCBuildConfiguration;
			buildSettings = {
				ALWAYS_SEARCH_USER_PATHS = NO;
				CLANG_ANALYZER_NONNULL = YES;
				CLANG_ANALYZER_NUMBER_OBJECT_CONVERSION = YES_AGGRESSIVE;
				CLANG_CXX_LANGUAGE_STANDARD = "gnu++14";
				CLANG_CXX_LIBRARY = "libc++";
				CLANG_ENABLE_MODULES = YES;
				CLANG_ENABLE_OBJC_ARC = YES;
				CLANG_ENABLE_OBJC_WEAK = YES;
				CLANG_WARN_BLOCK_CAPTURE_AUTORELEASING = YES;
				CLANG_WARN_BOOL_CONVERSION = YES;
				CLANG_WARN_COMMA = YES;
				CLANG_WARN_CONSTANT_CONVERSION = YES;
				CLANG_WARN_DEPRECATED_OBJC_IMPLEMENTATIONS = YES;
				CLANG_WARN_DIRECT_OBJC_ISA_USAGE = YES_ERROR;
				CLANG_WARN_DOCUMENTATION_COMMENTS = YES;
				CLANG_WARN_EMPTY_BODY = YES;
				CLANG_WARN_ENUM_CONVERSION = YES;
				CLANG_WARN_INFINITE_RECURSION = YES;
				CLANG_WARN_INT_CONVERSION = YES;
				CLANG_WARN_NON_LITERAL_NULL_CONVERSION = YES;
				CLANG_WARN_OBJC_IMPLICIT_RETAIN_SELF = YES;
				CLANG_WARN_OBJC_LITERAL_CONVERSION = YES;
				CLANG_WARN_OBJC_ROOT_CLASS = YES_ERROR;
				CLANG_WARN_QUOTED_INCLUDE_IN_FRAMEWORK_HEADER = YES;
				CLANG_WARN_RANGE_LOOP_ANALYSIS = YES;
				CLANG_WARN_STRICT_PROTOTYPES = YES;
				CLANG_WARN_SUSPICIOUS_MOVE = YES;
				CLANG_WARN_UNGUARDED_AVAILABILITY = YES_AGGRESSIVE;
				CLANG_WARN_UNREACHABLE_CODE = YES;
				CLANG_WARN__DUPLICATE_METHOD_MATCH = YES;
				COPY_PHASE_STRIP = NO;
				DEBUG_INFORMATION_FORMAT = dwarf;
				ENABLE_STRICT_OBJC_MSGSEND = YES;
				ENABLE_TESTABILITY = YES;
				GCC_C_LANGUAGE_STANDARD = gnu11;
				GCC_DYNAMIC_NO_PIC = NO;
				GCC_NO_COMMON_BLOCKS = YES;
				GCC_OPTIMIZATION_LEVEL = 0;
				GCC_PREPROCESSOR_DEFINITIONS = (
					"DEBUG=1",
					"$(inherited)",
				);
				GCC_WARN_64_TO_32_BIT_CONVERSION = YES;
				GCC_WARN_ABOUT_RETURN_TYPE = YES_ERROR;
				GCC_WARN_UNDECLARED_SELECTOR = YES;
				GCC_WARN_UNINITIALIZED_AUTOS = YES_AGGRESSIVE;
				GCC_WARN_UNUSED_FUNCTION = YES;
				GCC_WARN_UNUSED_VARIABLE = YES;
				MTL_ENABLE_DEBUG_INFO = INCLUDE_SOURCE;
				MTL_FAST_MATH = YES;
				ONLY_ACTIVE_ARCH = YES;
				SDKROOT = appletvos;
				SWIFT_ACTIVE_COMPILATION_CONDITIONS = DEBUG;
				SWIFT_OPTIMIZATION_LEVEL = "-Onone";
				TVOS_DEPLOYMENT_TARGET = 14.3;
			};
			name = Debug;
		};
		412A158025C5A072007C9141 /* Release */ = {
			isa = XCBuildConfiguration;
			buildSettings = {
				ALWAYS_SEARCH_USER_PATHS = NO;
				CLANG_ANALYZER_NONNULL = YES;
				CLANG_ANALYZER_NUMBER_OBJECT_CONVERSION = YES_AGGRESSIVE;
				CLANG_CXX_LANGUAGE_STANDARD = "gnu++14";
				CLANG_CXX_LIBRARY = "libc++";
				CLANG_ENABLE_MODULES = YES;
				CLANG_ENABLE_OBJC_ARC = YES;
				CLANG_ENABLE_OBJC_WEAK = YES;
				CLANG_WARN_BLOCK_CAPTURE_AUTORELEASING = YES;
				CLANG_WARN_BOOL_CONVERSION = YES;
				CLANG_WARN_COMMA = YES;
				CLANG_WARN_CONSTANT_CONVERSION = YES;
				CLANG_WARN_DEPRECATED_OBJC_IMPLEMENTATIONS = YES;
				CLANG_WARN_DIRECT_OBJC_ISA_USAGE = YES_ERROR;
				CLANG_WARN_DOCUMENTATION_COMMENTS = YES;
				CLANG_WARN_EMPTY_BODY = YES;
				CLANG_WARN_ENUM_CONVERSION = YES;
				CLANG_WARN_INFINITE_RECURSION = YES;
				CLANG_WARN_INT_CONVERSION = YES;
				CLANG_WARN_NON_LITERAL_NULL_CONVERSION = YES;
				CLANG_WARN_OBJC_IMPLICIT_RETAIN_SELF = YES;
				CLANG_WARN_OBJC_LITERAL_CONVERSION = YES;
				CLANG_WARN_OBJC_ROOT_CLASS = YES_ERROR;
				CLANG_WARN_QUOTED_INCLUDE_IN_FRAMEWORK_HEADER = YES;
				CLANG_WARN_RANGE_LOOP_ANALYSIS = YES;
				CLANG_WARN_STRICT_PROTOTYPES = YES;
				CLANG_WARN_SUSPICIOUS_MOVE = YES;
				CLANG_WARN_UNGUARDED_AVAILABILITY = YES_AGGRESSIVE;
				CLANG_WARN_UNREACHABLE_CODE = YES;
				CLANG_WARN__DUPLICATE_METHOD_MATCH = YES;
				COPY_PHASE_STRIP = NO;
				DEBUG_INFORMATION_FORMAT = "dwarf-with-dsym";
				ENABLE_NS_ASSERTIONS = NO;
				ENABLE_STRICT_OBJC_MSGSEND = YES;
				GCC_C_LANGUAGE_STANDARD = gnu11;
				GCC_NO_COMMON_BLOCKS = YES;
				GCC_WARN_64_TO_32_BIT_CONVERSION = YES;
				GCC_WARN_ABOUT_RETURN_TYPE = YES_ERROR;
				GCC_WARN_UNDECLARED_SELECTOR = YES;
				GCC_WARN_UNINITIALIZED_AUTOS = YES_AGGRESSIVE;
				GCC_WARN_UNUSED_FUNCTION = YES;
				GCC_WARN_UNUSED_VARIABLE = YES;
				MTL_ENABLE_DEBUG_INFO = NO;
				MTL_FAST_MATH = YES;
				SDKROOT = appletvos;
				SWIFT_COMPILATION_MODE = wholemodule;
				SWIFT_OPTIMIZATION_LEVEL = "-O";
				TVOS_DEPLOYMENT_TARGET = 14.3;
				VALIDATE_PRODUCT = YES;
			};
			name = Release;
		};
		412A158225C5A072007C9141 /* Debug */ = {
			isa = XCBuildConfiguration;
			buildSettings = {
				ASSETCATALOG_COMPILER_APPICON_NAME = "App Icon & Top Shelf Image";
				ASSETCATALOG_COMPILER_GLOBAL_ACCENT_COLOR_NAME = AccentColor;
				CODE_SIGN_STYLE = Automatic;
				DEVELOPMENT_TEAM = ZD56B38SA3;
				INFOPLIST_FILE = testSwifter/Info.plist;
				LD_RUNPATH_SEARCH_PATHS = (
					"$(inherited)",
					"@executable_path/Frameworks",
				);
				PRODUCT_BUNDLE_IDENTIFIER = br.com.jairo.testSwifter;
				PRODUCT_NAME = "$(TARGET_NAME)";
				SWIFT_VERSION = 5.0;
				TARGETED_DEVICE_FAMILY = 3;
			};
			name = Debug;
		};
		412A158325C5A072007C9141 /* Release */ = {
			isa = XCBuildConfiguration;
			buildSettings = {
				ASSETCATALOG_COMPILER_APPICON_NAME = "App Icon & Top Shelf Image";
				ASSETCATALOG_COMPILER_GLOBAL_ACCENT_COLOR_NAME = AccentColor;
				CODE_SIGN_STYLE = Automatic;
				DEVELOPMENT_TEAM = ZD56B38SA3;
				INFOPLIST_FILE = testSwifter/Info.plist;
				LD_RUNPATH_SEARCH_PATHS = (
					"$(inherited)",
					"@executable_path/Frameworks",
				);
				PRODUCT_BUNDLE_IDENTIFIER = br.com.jairo.testSwifter;
				PRODUCT_NAME = "$(TARGET_NAME)";
				SWIFT_VERSION = 5.0;
				TARGETED_DEVICE_FAMILY = 3;
			};
			name = Release;
		};
/* End XCBuildConfiguration section */

/* Begin XCConfigurationList section */
		412A156725C5A070007C9141 /* Build configuration list for PBXProject "testSwifter" */ = {
			isa = XCConfigurationList;
			buildConfigurations = (
				412A157F25C5A072007C9141 /* Debug */,
				412A158025C5A072007C9141 /* Release */,
			);
			defaultConfigurationIsVisible = 0;
			defaultConfigurationName = Release;
		};
		412A158125C5A072007C9141 /* Build configuration list for PBXNativeTarget "testSwifter" */ = {
			isa = XCConfigurationList;
			buildConfigurations = (
				412A158225C5A072007C9141 /* Debug */,
				412A158325C5A072007C9141 /* Release */,
			);
			defaultConfigurationIsVisible = 0;
			defaultConfigurationName = Release;
		};
/* End XCConfigurationList section */

/* Begin XCVersionGroup section */
		412A157625C5A070007C9141 /* testSwifter.xcdatamodeld */ = {
			isa = XCVersionGroup;
			children = (
				412A157725C5A070007C9141 /* testSwifter.xcdatamodel */,
			);
			currentVersion = 412A157725C5A070007C9141 /* testSwifter.xcdatamodel */;
			path = testSwifter.xcdatamodeld;
			sourceTree = "<group>";
			versionGroupType = wrapper.xcdatamodel;
		};
/* End XCVersionGroup section */
	};
	rootObject = 412A156425C5A070007C9141 /* Project object */;
}
