// !$*UTF8*$!
{
	archiveVersion = 1;
	classes = {
	};
	objectVersion = 51;
	objects = {

/* Begin PBXBuildFile section */
		186FE6DF2AFC2FEEC1154269 /* Pods_JJCam.framework in Frameworks */ = {isa = PBXBuildFile; fileRef = FFC7645FC27AF6182441B077 /* Pods_JJCam.framework */; };
		41034FB225DC0CEA00109D3A /* About.storyboard in Resources */ = {isa = PBXBuildFile; fileRef = 41034FB125DC0CEA00109D3A /* About.storyboard */; };
		41034FB525DC0DBF00109D3A /* AboutViewController.swift in Sources */ = {isa = PBXBuildFile; fileRef = 41034FB425DC0DBF00109D3A /* AboutViewController.swift */; };
		410A87F02686905100EB52FE /* Views.storyboard in Resources */ = {isa = PBXBuildFile; fileRef = 410A87EF2686905100EB52FE /* Views.storyboard */; };
		410A87F2268690C300EB52FE /* ViewsTableViewController.swift in Sources */ = {isa = PBXBuildFile; fileRef = 410A87F1268690C300EB52FE /* ViewsTableViewController.swift */; };
		410EE1A725EBCD19007B9620 /* CameraView.swift in Sources */ = {isa = PBXBuildFile; fileRef = 410EE1A625EBCD19007B9620 /* CameraView.swift */; };
		410EE1AA25EC02EB007B9620 /* NewView.storyboard in Resources */ = {isa = PBXBuildFile; fileRef = 410EE1A925EC02EB007B9620 /* NewView.storyboard */; };
		410EE1AD25EC047A007B9620 /* NewViewViewController.swift in Sources */ = {isa = PBXBuildFile; fileRef = 410EE1AC25EC047A007B9620 /* NewViewViewController.swift */; };
		41119515263F80F500ACB11C /* Help.storyboard in Resources */ = {isa = PBXBuildFile; fileRef = 41119514263F80F400ACB11C /* Help.storyboard */; };
		41119517263F810600ACB11C /* HelpViewController.swift in Sources */ = {isa = PBXBuildFile; fileRef = 41119516263F810600ACB11C /* HelpViewController.swift */; };
		4113FF762619FA9C0055428F /* CircularProgressView.swift in Sources */ = {isa = PBXBuildFile; fileRef = 4113FF752619FA9C0055428F /* CircularProgressView.swift */; };
		4115FC1625C84CEA00DDE4C9 /* Server.swift in Sources */ = {isa = PBXBuildFile; fileRef = 4115FC1525C84CEA00DDE4C9 /* Server.swift */; };
		4115FC1C25C8624C00DDE4C9 /* VerificationCode.swift in Sources */ = {isa = PBXBuildFile; fileRef = 4115FC1B25C8624C00DDE4C9 /* VerificationCode.swift */; };
		411676A0264F2F6F0098F839 /* materialize.min.css in Resources */ = {isa = PBXBuildFile; fileRef = 4116769F264F2F6F0098F839 /* materialize.min.css */; };
		411676A2264F33860098F839 /* jquery.min.js in Resources */ = {isa = PBXBuildFile; fileRef = 411676A1264F33860098F839 /* jquery.min.js */; };
		4122CD63266594ED0039B8D5 /* HelpTableViewCell.swift in Sources */ = {isa = PBXBuildFile; fileRef = 4122CD62266594ED0039B8D5 /* HelpTableViewCell.swift */; };
		4122CD65266595850039B8D5 /* HelpTableViewCell.xib in Resources */ = {isa = PBXBuildFile; fileRef = 4122CD64266595850039B8D5 /* HelpTableViewCell.xib */; };
		412A157025C5A070007C9141 /* AppDelegate.swift in Sources */ = {isa = PBXBuildFile; fileRef = 412A156F25C5A070007C9141 /* AppDelegate.swift */; };
		412A157525C5A070007C9141 /* Main.storyboard in Resources */ = {isa = PBXBuildFile; fileRef = 412A157325C5A070007C9141 /* Main.storyboard */; };
		412A157A25C5A072007C9141 /* Assets.xcassets in Resources */ = {isa = PBXBuildFile; fileRef = 412A157925C5A072007C9141 /* Assets.xcassets */; };
		412A157D25C5A072007C9141 /* LaunchScreen.storyboard in Resources */ = {isa = PBXBuildFile; fileRef = 412A157B25C5A072007C9141 /* LaunchScreen.storyboard */; };
		4133D754265B156300D7475A /* Authentication.swift in Sources */ = {isa = PBXBuildFile; fileRef = 4133D753265B156300D7475A /* Authentication.swift */; };
		4133D756265B16E900D7475A /* AuthenticationViewController.swift in Sources */ = {isa = PBXBuildFile; fileRef = 4133D755265B16E900D7475A /* AuthenticationViewController.swift */; };
		4133D758265B1DF300D7475A /* SettingsAuthenticationViewController.swift in Sources */ = {isa = PBXBuildFile; fileRef = 4133D757265B1DF300D7475A /* SettingsAuthenticationViewController.swift */; };
		415846A925DC4E1300EAEF4D /* JJCam.xcdatamodeld in Sources */ = {isa = PBXBuildFile; fileRef = 415846A725DC4E1300EAEF4D /* JJCam.xcdatamodeld */; };
		4167B4A825EC54580072C054 /* Utils.swift in Sources */ = {isa = PBXBuildFile; fileRef = 4167B4A725EC54580072C054 /* Utils.swift */; };
		4177D4CC26606CCE000A8CDB /* CaseIterableExtension.swift in Sources */ = {isa = PBXBuildFile; fileRef = 4177D4CB26606CCE000A8CDB /* CaseIterableExtension.swift */; };
		417C361B25E14C16005C2C4C /* Cameras.storyboard in Resources */ = {isa = PBXBuildFile; fileRef = 417C361A25E14C16005C2C4C /* Cameras.storyboard */; };
		417C362225E14E3B005C2C4C /* CamerasViewController.swift in Sources */ = {isa = PBXBuildFile; fileRef = 417C362125E14E3B005C2C4C /* CamerasViewController.swift */; };
		41803AF925DAB3030070803F /* DeviceManager.swift in Sources */ = {isa = PBXBuildFile; fileRef = 41803AF825DAB3030070803F /* DeviceManager.swift */; };
		41803AFF25DAE3E80070803F /* Devices.storyboard in Resources */ = {isa = PBXBuildFile; fileRef = 41803AFE25DAE3E80070803F /* Devices.storyboard */; };
		41803B0225DAE3FC0070803F /* DevicesTableViewController.swift in Sources */ = {isa = PBXBuildFile; fileRef = 41803B0125DAE3FC0070803F /* DevicesTableViewController.swift */; };
		41803B0625DAE4770070803F /* DeviceTableViewCell.xib in Resources */ = {isa = PBXBuildFile; fileRef = 41803B0525DAE4770070803F /* DeviceTableViewCell.xib */; };
		41803B0925DAE4C40070803F /* DeviceTableViewCell.swift in Sources */ = {isa = PBXBuildFile; fileRef = 41803B0825DAE4C40070803F /* DeviceTableViewCell.swift */; };
		41803B1225DAF5860070803F /* Settings.storyboard in Resources */ = {isa = PBXBuildFile; fileRef = 41803B1125DAF5860070803F /* Settings.storyboard */; };
		41803B1725DAF5B70070803F /* SettingsTableViewController.swift in Sources */ = {isa = PBXBuildFile; fileRef = 41803B1625DAF5B70070803F /* SettingsTableViewController.swift */; };
		41803B1A25DAF6320070803F /* NewDevice.storyboard in Resources */ = {isa = PBXBuildFile; fileRef = 41803B1925DAF6320070803F /* NewDevice.storyboard */; };
		41803B1D25DAF64F0070803F /* NewDeviceViewController.swift in Sources */ = {isa = PBXBuildFile; fileRef = 41803B1C25DAF64F0070803F /* NewDeviceViewController.swift */; };
		41803B2225DAF7B40070803F /* SettingsTableViewCell.swift in Sources */ = {isa = PBXBuildFile; fileRef = 41803B2125DAF7B40070803F /* SettingsTableViewCell.swift */; };
		41803B2525DAF7C80070803F /* SettingsTableViewCell.xib in Resources */ = {isa = PBXBuildFile; fileRef = 41803B2425DAF7C80070803F /* SettingsTableViewCell.xib */; };
		4185C5EC266D7C76004D9141 /* Questions.json in Resources */ = {isa = PBXBuildFile; fileRef = 4185C5EB266D7C76004D9141 /* Questions.json */; };
		41941BB4261B985700AE9C06 /* NSMutableAttributedStringExtension.swift in Sources */ = {isa = PBXBuildFile; fileRef = 41941BB3261B985700AE9C06 /* NSMutableAttributedStringExtension.swift */; };
		41DF99C025E152DE006F3CDE /* CameraTableViewCell.xib in Resources */ = {isa = PBXBuildFile; fileRef = 41DF99BF25E152DE006F3CDE /* CameraTableViewCell.xib */; };
		41DF99C325E152F1006F3CDE /* CameraTableViewCell.swift in Sources */ = {isa = PBXBuildFile; fileRef = 41DF99C225E152F1006F3CDE /* CameraTableViewCell.swift */; };
		41DF99C625E155E6006F3CDE /* AudioToolbox.framework in Frameworks */ = {isa = PBXBuildFile; fileRef = 41DF99C525E155E6006F3CDE /* AudioToolbox.framework */; };
		41DF99C825E155F2006F3CDE /* AVFoundation.framework in Frameworks */ = {isa = PBXBuildFile; fileRef = 41DF99C725E155F2006F3CDE /* AVFoundation.framework */; };
		41DF99CA25E155FC006F3CDE /* CFNetwork.framework in Frameworks */ = {isa = PBXBuildFile; fileRef = 41DF99C925E155FC006F3CDE /* CFNetwork.framework */; };
		41DF99CC25E15608006F3CDE /* CoreFoundation.framework in Frameworks */ = {isa = PBXBuildFile; fileRef = 41DF99CB25E15608006F3CDE /* CoreFoundation.framework */; };
		41DF99CE25E15615006F3CDE /* CoreGraphics.framework in Frameworks */ = {isa = PBXBuildFile; fileRef = 41DF99CD25E15615006F3CDE /* CoreGraphics.framework */; };
		41DF99D025E1561E006F3CDE /* CoreMedia.framework in Frameworks */ = {isa = PBXBuildFile; fileRef = 41DF99CF25E1561E006F3CDE /* CoreMedia.framework */; };
		41DF99D225E15625006F3CDE /* CoreText.framework in Frameworks */ = {isa = PBXBuildFile; fileRef = 41DF99D125E15625006F3CDE /* CoreText.framework */; };
		41DF99D425E1562C006F3CDE /* CoreVideo.framework in Frameworks */ = {isa = PBXBuildFile; fileRef = 41DF99D325E1562C006F3CDE /* CoreVideo.framework */; };
		41DF99D625E15636006F3CDE /* Foundation.framework in Frameworks */ = {isa = PBXBuildFile; fileRef = 41DF99D525E15636006F3CDE /* Foundation.framework */; };
		41DF99D825E15652006F3CDE /* libbz2.tbd in Frameworks */ = {isa = PBXBuildFile; fileRef = 41DF99D725E15648006F3CDE /* libbz2.tbd */; };
		41DF99DB25E15664006F3CDE /* libiconv.tbd in Frameworks */ = {isa = PBXBuildFile; fileRef = 41DF99DA25E1565E006F3CDE /* libiconv.tbd */; };
		41DF99DE25E15671006F3CDE /* OpenGLES.framework in Frameworks */ = {isa = PBXBuildFile; fileRef = 41DF99DD25E15671006F3CDE /* OpenGLES.framework */; };
		41DF99E025E1567D006F3CDE /* QuartzCore.framework in Frameworks */ = {isa = PBXBuildFile; fileRef = 41DF99DF25E1567D006F3CDE /* QuartzCore.framework */; };
		41DF99E225E15685006F3CDE /* Security.framework in Frameworks */ = {isa = PBXBuildFile; fileRef = 41DF99E125E15685006F3CDE /* Security.framework */; };
		41DF99E425E15690006F3CDE /* UIKit.framework in Frameworks */ = {isa = PBXBuildFile; fileRef = 41DF99E325E15690006F3CDE /* UIKit.framework */; };
		41DF99E625E1569F006F3CDE /* VideoToolbox.framework in Frameworks */ = {isa = PBXBuildFile; fileRef = 41DF99E525E1569F006F3CDE /* VideoToolbox.framework */; };
		41DF99E925E15733006F3CDE /* WatchCamera.storyboard in Resources */ = {isa = PBXBuildFile; fileRef = 41DF99E825E15733006F3CDE /* WatchCamera.storyboard */; };
		41DF99EC25E1575C006F3CDE /* WatchCameraViewController.swift in Sources */ = {isa = PBXBuildFile; fileRef = 41DF99EB25E1575C006F3CDE /* WatchCameraViewController.swift */; };
		41DF99F625E17FA4006F3CDE /* successCircle.svg in Resources */ = {isa = PBXBuildFile; fileRef = 41DF99F525E17FA4006F3CDE /* successCircle.svg */; };
		41E04208265B13280092D277 /* Authentication.storyboard in Resources */ = {isa = PBXBuildFile; fileRef = 41E04207265B13280092D277 /* Authentication.storyboard */; };
		41EB622625CAF1DC00DFAF54 /* home.html in Resources */ = {isa = PBXBuildFile; fileRef = 41EB622525CAF1DC00DFAF54 /* home.html */; };
		41EB622D25CB0D8200DFAF54 /* main.css in Resources */ = {isa = PBXBuildFile; fileRef = 41EB622C25CB0D8200DFAF54 /* main.css */; };
		41EB623025CB0D9100DFAF54 /* main.js in Resources */ = {isa = PBXBuildFile; fileRef = 41EB622F25CB0D9100DFAF54 /* main.js */; };
		41EB623425CB107B00DFAF54 /* UIViewExtension.swift in Sources */ = {isa = PBXBuildFile; fileRef = 41EB623325CB107B00DFAF54 /* UIViewExtension.swift */; };
		41FD73D62638D2FB00454A82 /* UIDeviceExtension.swift in Sources */ = {isa = PBXBuildFile; fileRef = 41FD73D52638D2FB00454A82 /* UIDeviceExtension.swift */; };
/* End PBXBuildFile section */

/* Begin PBXFileReference section */
		41034FB125DC0CEA00109D3A /* About.storyboard */ = {isa = PBXFileReference; lastKnownFileType = file.storyboard; path = About.storyboard; sourceTree = "<group>"; };
		41034FB425DC0DBF00109D3A /* AboutViewController.swift */ = {isa = PBXFileReference; lastKnownFileType = sourcecode.swift; path = AboutViewController.swift; sourceTree = "<group>"; };
		410A87EF2686905100EB52FE /* Views.storyboard */ = {isa = PBXFileReference; lastKnownFileType = file.storyboard; path = Views.storyboard; sourceTree = "<group>"; };
		410A87F1268690C300EB52FE /* ViewsTableViewController.swift */ = {isa = PBXFileReference; lastKnownFileType = sourcecode.swift; path = ViewsTableViewController.swift; sourceTree = "<group>"; };
		410EE1A625EBCD19007B9620 /* CameraView.swift */ = {isa = PBXFileReference; lastKnownFileType = sourcecode.swift; path = CameraView.swift; sourceTree = "<group>"; };
		410EE1A925EC02EB007B9620 /* NewView.storyboard */ = {isa = PBXFileReference; lastKnownFileType = file.storyboard; path = NewView.storyboard; sourceTree = "<group>"; };
		410EE1AC25EC047A007B9620 /* NewViewViewController.swift */ = {isa = PBXFileReference; lastKnownFileType = sourcecode.swift; path = NewViewViewController.swift; sourceTree = "<group>"; };
		41119514263F80F400ACB11C /* Help.storyboard */ = {isa = PBXFileReference; lastKnownFileType = file.storyboard; path = Help.storyboard; sourceTree = "<group>"; };
		41119516263F810600ACB11C /* HelpViewController.swift */ = {isa = PBXFileReference; lastKnownFileType = sourcecode.swift; path = HelpViewController.swift; sourceTree = "<group>"; };
		4113FF752619FA9C0055428F /* CircularProgressView.swift */ = {isa = PBXFileReference; lastKnownFileType = sourcecode.swift; path = CircularProgressView.swift; sourceTree = "<group>"; };
		4115FC1525C84CEA00DDE4C9 /* Server.swift */ = {isa = PBXFileReference; lastKnownFileType = sourcecode.swift; path = Server.swift; sourceTree = "<group>"; };
		4115FC1B25C8624C00DDE4C9 /* VerificationCode.swift */ = {isa = PBXFileReference; lastKnownFileType = sourcecode.swift; path = VerificationCode.swift; sourceTree = "<group>"; };
		4116769F264F2F6F0098F839 /* materialize.min.css */ = {isa = PBXFileReference; fileEncoding = 4; lastKnownFileType = text.css; path = materialize.min.css; sourceTree = "<group>"; };
		411676A1264F33860098F839 /* jquery.min.js */ = {isa = PBXFileReference; fileEncoding = 4; lastKnownFileType = sourcecode.javascript; path = jquery.min.js; sourceTree = "<group>"; };
		4122CD62266594ED0039B8D5 /* HelpTableViewCell.swift */ = {isa = PBXFileReference; lastKnownFileType = sourcecode.swift; path = HelpTableViewCell.swift; sourceTree = "<group>"; };
		4122CD64266595850039B8D5 /* HelpTableViewCell.xib */ = {isa = PBXFileReference; lastKnownFileType = file.xib; path = HelpTableViewCell.xib; sourceTree = "<group>"; };
		412A156C25C5A070007C9141 /* JJCam.app */ = {isa = PBXFileReference; explicitFileType = wrapper.application; includeInIndex = 0; path = JJCam.app; sourceTree = BUILT_PRODUCTS_DIR; };
		412A156F25C5A070007C9141 /* AppDelegate.swift */ = {isa = PBXFileReference; lastKnownFileType = sourcecode.swift; path = AppDelegate.swift; sourceTree = "<group>"; };
		412A157425C5A070007C9141 /* Base */ = {isa = PBXFileReference; lastKnownFileType = file.storyboard; name = Base; path = Base.lproj/Main.storyboard; sourceTree = "<group>"; };
		412A157925C5A072007C9141 /* Assets.xcassets */ = {isa = PBXFileReference; lastKnownFileType = folder.assetcatalog; path = Assets.xcassets; sourceTree = "<group>"; };
		412A157C25C5A072007C9141 /* Base */ = {isa = PBXFileReference; lastKnownFileType = file.storyboard; name = Base; path = Base.lproj/LaunchScreen.storyboard; sourceTree = "<group>"; };
		412A157E25C5A072007C9141 /* Info.plist */ = {isa = PBXFileReference; lastKnownFileType = text.plist.xml; path = Info.plist; sourceTree = "<group>"; };
		4133D753265B156300D7475A /* Authentication.swift */ = {isa = PBXFileReference; lastKnownFileType = sourcecode.swift; path = Authentication.swift; sourceTree = "<group>"; };
		4133D755265B16E900D7475A /* AuthenticationViewController.swift */ = {isa = PBXFileReference; lastKnownFileType = sourcecode.swift; path = AuthenticationViewController.swift; sourceTree = "<group>"; };
		4133D757265B1DF300D7475A /* SettingsAuthenticationViewController.swift */ = {isa = PBXFileReference; lastKnownFileType = sourcecode.swift; path = SettingsAuthenticationViewController.swift; sourceTree = "<group>"; };
		415846A825DC4E1300EAEF4D /* JJCam.xcdatamodel */ = {isa = PBXFileReference; lastKnownFileType = wrapper.xcdatamodel; path = JJCam.xcdatamodel; sourceTree = "<group>"; };
		4167B4A725EC54580072C054 /* Utils.swift */ = {isa = PBXFileReference; lastKnownFileType = sourcecode.swift; path = Utils.swift; sourceTree = "<group>"; };
		4177D4CB26606CCE000A8CDB /* CaseIterableExtension.swift */ = {isa = PBXFileReference; lastKnownFileType = sourcecode.swift; path = CaseIterableExtension.swift; sourceTree = "<group>"; };
		417C361A25E14C16005C2C4C /* Cameras.storyboard */ = {isa = PBXFileReference; lastKnownFileType = file.storyboard; path = Cameras.storyboard; sourceTree = "<group>"; };
		417C362125E14E3B005C2C4C /* CamerasViewController.swift */ = {isa = PBXFileReference; fileEncoding = 4; lastKnownFileType = sourcecode.swift; path = CamerasViewController.swift; sourceTree = "<group>"; };
		41803AF825DAB3030070803F /* DeviceManager.swift */ = {isa = PBXFileReference; lastKnownFileType = sourcecode.swift; path = DeviceManager.swift; sourceTree = "<group>"; };
		41803AFE25DAE3E80070803F /* Devices.storyboard */ = {isa = PBXFileReference; lastKnownFileType = file.storyboard; path = Devices.storyboard; sourceTree = "<group>"; };
		41803B0125DAE3FC0070803F /* DevicesTableViewController.swift */ = {isa = PBXFileReference; lastKnownFileType = sourcecode.swift; path = DevicesTableViewController.swift; sourceTree = "<group>"; };
		41803B0525DAE4770070803F /* DeviceTableViewCell.xib */ = {isa = PBXFileReference; lastKnownFileType = file.xib; path = DeviceTableViewCell.xib; sourceTree = "<group>"; };
		41803B0825DAE4C40070803F /* DeviceTableViewCell.swift */ = {isa = PBXFileReference; lastKnownFileType = sourcecode.swift; path = DeviceTableViewCell.swift; sourceTree = "<group>"; };
		41803B1125DAF5860070803F /* Settings.storyboard */ = {isa = PBXFileReference; lastKnownFileType = file.storyboard; path = Settings.storyboard; sourceTree = "<group>"; };
		41803B1625DAF5B70070803F /* SettingsTableViewController.swift */ = {isa = PBXFileReference; lastKnownFileType = sourcecode.swift; path = SettingsTableViewController.swift; sourceTree = "<group>"; };
		41803B1925DAF6320070803F /* NewDevice.storyboard */ = {isa = PBXFileReference; lastKnownFileType = file.storyboard; path = NewDevice.storyboard; sourceTree = "<group>"; };
		41803B1C25DAF64F0070803F /* NewDeviceViewController.swift */ = {isa = PBXFileReference; lastKnownFileType = sourcecode.swift; path = NewDeviceViewController.swift; sourceTree = "<group>"; };
		41803B2125DAF7B40070803F /* SettingsTableViewCell.swift */ = {isa = PBXFileReference; lastKnownFileType = sourcecode.swift; path = SettingsTableViewCell.swift; sourceTree = "<group>"; };
		41803B2425DAF7C80070803F /* SettingsTableViewCell.xib */ = {isa = PBXFileReference; lastKnownFileType = file.xib; path = SettingsTableViewCell.xib; sourceTree = "<group>"; };
		4185C5EB266D7C76004D9141 /* Questions.json */ = {isa = PBXFileReference; lastKnownFileType = text.json; path = Questions.json; sourceTree = "<group>"; };
		41941BB3261B985700AE9C06 /* NSMutableAttributedStringExtension.swift */ = {isa = PBXFileReference; lastKnownFileType = sourcecode.swift; path = NSMutableAttributedStringExtension.swift; sourceTree = "<group>"; };
		41DF99BF25E152DE006F3CDE /* CameraTableViewCell.xib */ = {isa = PBXFileReference; lastKnownFileType = file.xib; path = CameraTableViewCell.xib; sourceTree = "<group>"; };
		41DF99C225E152F1006F3CDE /* CameraTableViewCell.swift */ = {isa = PBXFileReference; lastKnownFileType = sourcecode.swift; path = CameraTableViewCell.swift; sourceTree = "<group>"; };
		41DF99C525E155E6006F3CDE /* AudioToolbox.framework */ = {isa = PBXFileReference; lastKnownFileType = wrapper.framework; name = AudioToolbox.framework; path = System/Library/Frameworks/AudioToolbox.framework; sourceTree = SDKROOT; };
		41DF99C725E155F2006F3CDE /* AVFoundation.framework */ = {isa = PBXFileReference; lastKnownFileType = wrapper.framework; name = AVFoundation.framework; path = System/Library/Frameworks/AVFoundation.framework; sourceTree = SDKROOT; };
		41DF99C925E155FC006F3CDE /* CFNetwork.framework */ = {isa = PBXFileReference; lastKnownFileType = wrapper.framework; name = CFNetwork.framework; path = System/Library/Frameworks/CFNetwork.framework; sourceTree = SDKROOT; };
		41DF99CB25E15608006F3CDE /* CoreFoundation.framework */ = {isa = PBXFileReference; lastKnownFileType = wrapper.framework; name = CoreFoundation.framework; path = System/Library/Frameworks/CoreFoundation.framework; sourceTree = SDKROOT; };
		41DF99CD25E15615006F3CDE /* CoreGraphics.framework */ = {isa = PBXFileReference; lastKnownFileType = wrapper.framework; name = CoreGraphics.framework; path = System/Library/Frameworks/CoreGraphics.framework; sourceTree = SDKROOT; };
		41DF99CF25E1561E006F3CDE /* CoreMedia.framework */ = {isa = PBXFileReference; lastKnownFileType = wrapper.framework; name = CoreMedia.framework; path = System/Library/Frameworks/CoreMedia.framework; sourceTree = SDKROOT; };
		41DF99D125E15625006F3CDE /* CoreText.framework */ = {isa = PBXFileReference; lastKnownFileType = wrapper.framework; name = CoreText.framework; path = System/Library/Frameworks/CoreText.framework; sourceTree = SDKROOT; };
		41DF99D325E1562C006F3CDE /* CoreVideo.framework */ = {isa = PBXFileReference; lastKnownFileType = wrapper.framework; name = CoreVideo.framework; path = System/Library/Frameworks/CoreVideo.framework; sourceTree = SDKROOT; };
		41DF99D525E15636006F3CDE /* Foundation.framework */ = {isa = PBXFileReference; lastKnownFileType = wrapper.framework; name = Foundation.framework; path = System/Library/Frameworks/Foundation.framework; sourceTree = SDKROOT; };
		41DF99D725E15648006F3CDE /* libbz2.tbd */ = {isa = PBXFileReference; lastKnownFileType = "sourcecode.text-based-dylib-definition"; name = libbz2.tbd; path = usr/lib/libbz2.tbd; sourceTree = SDKROOT; };
		41DF99DA25E1565E006F3CDE /* libiconv.tbd */ = {isa = PBXFileReference; lastKnownFileType = "sourcecode.text-based-dylib-definition"; name = libiconv.tbd; path = usr/lib/libiconv.tbd; sourceTree = SDKROOT; };
		41DF99DD25E15671006F3CDE /* OpenGLES.framework */ = {isa = PBXFileReference; lastKnownFileType = wrapper.framework; name = OpenGLES.framework; path = System/Library/Frameworks/OpenGLES.framework; sourceTree = SDKROOT; };
		41DF99DF25E1567D006F3CDE /* QuartzCore.framework */ = {isa = PBXFileReference; lastKnownFileType = wrapper.framework; name = QuartzCore.framework; path = System/Library/Frameworks/QuartzCore.framework; sourceTree = SDKROOT; };
		41DF99E125E15685006F3CDE /* Security.framework */ = {isa = PBXFileReference; lastKnownFileType = wrapper.framework; name = Security.framework; path = System/Library/Frameworks/Security.framework; sourceTree = SDKROOT; };
		41DF99E325E15690006F3CDE /* UIKit.framework */ = {isa = PBXFileReference; lastKnownFileType = wrapper.framework; name = UIKit.framework; path = System/Library/Frameworks/UIKit.framework; sourceTree = SDKROOT; };
		41DF99E525E1569F006F3CDE /* VideoToolbox.framework */ = {isa = PBXFileReference; lastKnownFileType = wrapper.framework; name = VideoToolbox.framework; path = System/Library/Frameworks/VideoToolbox.framework; sourceTree = SDKROOT; };
		41DF99E825E15733006F3CDE /* WatchCamera.storyboard */ = {isa = PBXFileReference; lastKnownFileType = file.storyboard; path = WatchCamera.storyboard; sourceTree = "<group>"; };
		41DF99EB25E1575C006F3CDE /* WatchCameraViewController.swift */ = {isa = PBXFileReference; lastKnownFileType = sourcecode.swift; path = WatchCameraViewController.swift; sourceTree = "<group>"; };
		41DF99F525E17FA4006F3CDE /* successCircle.svg */ = {isa = PBXFileReference; fileEncoding = 4; lastKnownFileType = text; path = successCircle.svg; sourceTree = "<group>"; };
		41E04207265B13280092D277 /* Authentication.storyboard */ = {isa = PBXFileReference; lastKnownFileType = file.storyboard; path = Authentication.storyboard; sourceTree = "<group>"; };
		41EB622525CAF1DC00DFAF54 /* home.html */ = {isa = PBXFileReference; fileEncoding = 4; lastKnownFileType = text.html; path = home.html; sourceTree = "<group>"; };
		41EB622C25CB0D8200DFAF54 /* main.css */ = {isa = PBXFileReference; lastKnownFileType = text.css; path = main.css; sourceTree = "<group>"; };
		41EB622F25CB0D9100DFAF54 /* main.js */ = {isa = PBXFileReference; lastKnownFileType = sourcecode.javascript; path = main.js; sourceTree = "<group>"; };
		41EB623325CB107B00DFAF54 /* UIViewExtension.swift */ = {isa = PBXFileReference; lastKnownFileType = sourcecode.swift; path = UIViewExtension.swift; sourceTree = "<group>"; };
		41FD73D52638D2FB00454A82 /* UIDeviceExtension.swift */ = {isa = PBXFileReference; lastKnownFileType = sourcecode.swift; path = UIDeviceExtension.swift; sourceTree = "<group>"; };
		61B869FC29B5A7B7D953D446 /* Pods-JJCam.debug.xcconfig */ = {isa = PBXFileReference; includeInIndex = 1; lastKnownFileType = text.xcconfig; name = "Pods-JJCam.debug.xcconfig"; path = "Target Support Files/Pods-JJCam/Pods-JJCam.debug.xcconfig"; sourceTree = "<group>"; };
		644F223B5608E2062BED2EF1 /* Pods-testSwifter.release.xcconfig */ = {isa = PBXFileReference; includeInIndex = 1; lastKnownFileType = text.xcconfig; name = "Pods-testSwifter.release.xcconfig"; path = "Target Support Files/Pods-testSwifter/Pods-testSwifter.release.xcconfig"; sourceTree = "<group>"; };
		B5E3A8FBE77403BB39C27DCE /* Pods-testSwifter.debug.xcconfig */ = {isa = PBXFileReference; includeInIndex = 1; lastKnownFileType = text.xcconfig; name = "Pods-testSwifter.debug.xcconfig"; path = "Target Support Files/Pods-testSwifter/Pods-testSwifter.debug.xcconfig"; sourceTree = "<group>"; };
		EFEF1143BE811DDA164EB86F /* Pods-JJCam.release.xcconfig */ = {isa = PBXFileReference; includeInIndex = 1; lastKnownFileType = text.xcconfig; name = "Pods-JJCam.release.xcconfig"; path = "Target Support Files/Pods-JJCam/Pods-JJCam.release.xcconfig"; sourceTree = "<group>"; };
		FFC7645FC27AF6182441B077 /* Pods_JJCam.framework */ = {isa = PBXFileReference; explicitFileType = wrapper.framework; includeInIndex = 0; path = Pods_JJCam.framework; sourceTree = BUILT_PRODUCTS_DIR; };
/* End PBXFileReference section */

/* Begin PBXFrameworksBuildPhase section */
		412A156925C5A070007C9141 /* Frameworks */ = {
			isa = PBXFrameworksBuildPhase;
			buildActionMask = 2147483647;
			files = (
				41DF99CE25E15615006F3CDE /* CoreGraphics.framework in Frameworks */,
				41DF99E425E15690006F3CDE /* UIKit.framework in Frameworks */,
				41DF99E225E15685006F3CDE /* Security.framework in Frameworks */,
				41DF99CC25E15608006F3CDE /* CoreFoundation.framework in Frameworks */,
				41DF99E025E1567D006F3CDE /* QuartzCore.framework in Frameworks */,
				41DF99D825E15652006F3CDE /* libbz2.tbd in Frameworks */,
				41DF99DE25E15671006F3CDE /* OpenGLES.framework in Frameworks */,
				186FE6DF2AFC2FEEC1154269 /* Pods_JJCam.framework in Frameworks */,
				41DF99C625E155E6006F3CDE /* AudioToolbox.framework in Frameworks */,
				41DF99D225E15625006F3CDE /* CoreText.framework in Frameworks */,
				41DF99DB25E15664006F3CDE /* libiconv.tbd in Frameworks */,
				41DF99D625E15636006F3CDE /* Foundation.framework in Frameworks */,
				41DF99D425E1562C006F3CDE /* CoreVideo.framework in Frameworks */,
				41DF99E625E1569F006F3CDE /* VideoToolbox.framework in Frameworks */,
				41DF99CA25E155FC006F3CDE /* CFNetwork.framework in Frameworks */,
				41DF99C825E155F2006F3CDE /* AVFoundation.framework in Frameworks */,
				41DF99D025E1561E006F3CDE /* CoreMedia.framework in Frameworks */,
			);
			runOnlyForDeploymentPostprocessing = 0;
		};
/* End PBXFrameworksBuildPhase section */

/* Begin PBXGroup section */
		1A9ED616AA062609C0961E3F /* Pods */ = {
			isa = PBXGroup;
			children = (
				B5E3A8FBE77403BB39C27DCE /* Pods-testSwifter.debug.xcconfig */,
				644F223B5608E2062BED2EF1 /* Pods-testSwifter.release.xcconfig */,
				61B869FC29B5A7B7D953D446 /* Pods-JJCam.debug.xcconfig */,
				EFEF1143BE811DDA164EB86F /* Pods-JJCam.release.xcconfig */,
			);
			path = Pods;
			sourceTree = "<group>";
		};
		41034FAF25DC0CB500109D3A /* About */ = {
			isa = PBXGroup;
			children = (
				41034FB025DC0CDB00109D3A /* Story */,
				41034FB425DC0DBF00109D3A /* AboutViewController.swift */,
			);
			path = About;
			sourceTree = "<group>";
		};
		41034FB025DC0CDB00109D3A /* Story */ = {
			isa = PBXGroup;
			children = (
				41034FB125DC0CEA00109D3A /* About.storyboard */,
			);
			path = Story;
			sourceTree = "<group>";
		};
		410A87ED2686900100EB52FE /* Views */ = {
			isa = PBXGroup;
			children = (
				410A87EE2686900E00EB52FE /* Story */,
				410A87F1268690C300EB52FE /* ViewsTableViewController.swift */,
			);
			path = Views;
			sourceTree = "<group>";
		};
		410A87EE2686900E00EB52FE /* Story */ = {
			isa = PBXGroup;
			children = (
				410A87EF2686905100EB52FE /* Views.storyboard */,
			);
			path = Story;
			sourceTree = "<group>";
		};
		41119512263F80E000ACB11C /* Help */ = {
			isa = PBXGroup;
			children = (
				4122CD61266594CA0039B8D5 /* Cell */,
				41119513263F80E700ACB11C /* Story */,
				41119516263F810600ACB11C /* HelpViewController.swift */,
				4185C5EB266D7C76004D9141 /* Questions.json */,
			);
			path = Help;
			sourceTree = "<group>";
		};
		41119513263F80E700ACB11C /* Story */ = {
			isa = PBXGroup;
			children = (
				41119514263F80F400ACB11C /* Help.storyboard */,
			);
			path = Story;
			sourceTree = "<group>";
		};
		4115FC1425C84CDF00DDE4C9 /* Server */ = {
			isa = PBXGroup;
			children = (
				41EB622825CB0C8800DFAF54 /* Html */,
				4115FC1525C84CEA00DDE4C9 /* Server.swift */,
				4115FC1B25C8624C00DDE4C9 /* VerificationCode.swift */,
			);
			path = Server;
			sourceTree = "<group>";
		};
		4122CD61266594CA0039B8D5 /* Cell */ = {
			isa = PBXGroup;
			children = (
				4122CD62266594ED0039B8D5 /* HelpTableViewCell.swift */,
				4122CD64266595850039B8D5 /* HelpTableViewCell.xib */,
			);
			path = Cell;
			sourceTree = "<group>";
		};
		412A156325C5A070007C9141 = {
			isa = PBXGroup;
			children = (
				412A156E25C5A070007C9141 /* JJCam */,
				412A156D25C5A070007C9141 /* Products */,
				1A9ED616AA062609C0961E3F /* Pods */,
				CFF6E8651ECCF9A163FC64E6 /* Frameworks */,
			);
			sourceTree = "<group>";
		};
		412A156D25C5A070007C9141 /* Products */ = {
			isa = PBXGroup;
			children = (
				412A156C25C5A070007C9141 /* JJCam.app */,
			);
			name = Products;
			sourceTree = "<group>";
		};
		412A156E25C5A070007C9141 /* JJCam */ = {
			isa = PBXGroup;
			children = (
				410A87ED2686900100EB52FE /* Views */,
				41E04205265B130C0092D277 /* Authentication */,
				41119512263F80E000ACB11C /* Help */,
				41034FAF25DC0CB500109D3A /* About */,
				41803B0F25DAF4FF0070803F /* Settings */,
				41803AFC25DAE3C20070803F /* Devices */,
				41803AF725DAB2F40070803F /* Utils */,
				41EB623225CB105E00DFAF54 /* Extensions */,
				4115FC1425C84CDF00DDE4C9 /* Server */,
				412A156F25C5A070007C9141 /* AppDelegate.swift */,
				412A157325C5A070007C9141 /* Main.storyboard */,
				412A157925C5A072007C9141 /* Assets.xcassets */,
				412A157B25C5A072007C9141 /* LaunchScreen.storyboard */,
				412A157E25C5A072007C9141 /* Info.plist */,
				415846A725DC4E1300EAEF4D /* JJCam.xcdatamodeld */,
			);
			path = JJCam;
			sourceTree = "<group>";
		};
		41803AF725DAB2F40070803F /* Utils */ = {
			isa = PBXGroup;
			children = (
				41803AF825DAB3030070803F /* DeviceManager.swift */,
				4167B4A725EC54580072C054 /* Utils.swift */,
				4113FF752619FA9C0055428F /* CircularProgressView.swift */,
			);
			path = Utils;
			sourceTree = "<group>";
		};
		41803AFC25DAE3C20070803F /* Devices */ = {
			isa = PBXGroup;
			children = (
				41803B0425DAE45F0070803F /* Cell */,
				41803AFD25DAE3D80070803F /* Storys */,
				41803B0125DAE3FC0070803F /* DevicesTableViewController.swift */,
				41803B1C25DAF64F0070803F /* NewDeviceViewController.swift */,
				417C362125E14E3B005C2C4C /* CamerasViewController.swift */,
				41DF99EB25E1575C006F3CDE /* WatchCameraViewController.swift */,
				410EE1A625EBCD19007B9620 /* CameraView.swift */,
				410EE1AC25EC047A007B9620 /* NewViewViewController.swift */,
			);
			path = Devices;
			sourceTree = "<group>";
		};
		41803AFD25DAE3D80070803F /* Storys */ = {
			isa = PBXGroup;
			children = (
				41803AFE25DAE3E80070803F /* Devices.storyboard */,
				41803B1925DAF6320070803F /* NewDevice.storyboard */,
				417C361A25E14C16005C2C4C /* Cameras.storyboard */,
				41DF99E825E15733006F3CDE /* WatchCamera.storyboard */,
				410EE1A925EC02EB007B9620 /* NewView.storyboard */,
			);
			path = Storys;
			sourceTree = "<group>";
		};
		41803B0425DAE45F0070803F /* Cell */ = {
			isa = PBXGroup;
			children = (
				41803B0525DAE4770070803F /* DeviceTableViewCell.xib */,
				41803B0825DAE4C40070803F /* DeviceTableViewCell.swift */,
				41DF99BF25E152DE006F3CDE /* CameraTableViewCell.xib */,
				41DF99C225E152F1006F3CDE /* CameraTableViewCell.swift */,
			);
			path = Cell;
			sourceTree = "<group>";
		};
		41803B0F25DAF4FF0070803F /* Settings */ = {
			isa = PBXGroup;
			children = (
				41803B2025DAF78F0070803F /* Cell */,
				41803B1025DAF5080070803F /* Story */,
				41803B1625DAF5B70070803F /* SettingsTableViewController.swift */,
			);
			path = Settings;
			sourceTree = "<group>";
		};
		41803B1025DAF5080070803F /* Story */ = {
			isa = PBXGroup;
			children = (
				41803B1125DAF5860070803F /* Settings.storyboard */,
			);
			path = Story;
			sourceTree = "<group>";
		};
		41803B2025DAF78F0070803F /* Cell */ = {
			isa = PBXGroup;
			children = (
				41803B2125DAF7B40070803F /* SettingsTableViewCell.swift */,
				41803B2425DAF7C80070803F /* SettingsTableViewCell.xib */,
			);
			path = Cell;
			sourceTree = "<group>";
		};
		41DF99F125E17BB5006F3CDE /* Img */ = {
			isa = PBXGroup;
			children = (
				41DF99F525E17FA4006F3CDE /* successCircle.svg */,
			);
			path = Img;
			sourceTree = "<group>";
		};
		41E04205265B130C0092D277 /* Authentication */ = {
			isa = PBXGroup;
			children = (
				41E04206265B13180092D277 /* Story */,
				4133D753265B156300D7475A /* Authentication.swift */,
				4133D755265B16E900D7475A /* AuthenticationViewController.swift */,
				4133D757265B1DF300D7475A /* SettingsAuthenticationViewController.swift */,
			);
			path = Authentication;
			sourceTree = "<group>";
		};
		41E04206265B13180092D277 /* Story */ = {
			isa = PBXGroup;
			children = (
				41E04207265B13280092D277 /* Authentication.storyboard */,
			);
			path = Story;
			sourceTree = "<group>";
		};
		41EB622825CB0C8800DFAF54 /* Html */ = {
			isa = PBXGroup;
			children = (
				41DF99F125E17BB5006F3CDE /* Img */,
				41EB622B25CB0D5E00DFAF54 /* Js */,
				41EB622A25CB0D5300DFAF54 /* Css */,
				41EB622525CAF1DC00DFAF54 /* home.html */,
			);
			path = Html;
			sourceTree = "<group>";
		};
		41EB622A25CB0D5300DFAF54 /* Css */ = {
			isa = PBXGroup;
			children = (
				4116769F264F2F6F0098F839 /* materialize.min.css */,
				41EB622C25CB0D8200DFAF54 /* main.css */,
			);
			path = Css;
			sourceTree = "<group>";
		};
		41EB622B25CB0D5E00DFAF54 /* Js */ = {
			isa = PBXGroup;
			children = (
				411676A1264F33860098F839 /* jquery.min.js */,
				41EB622F25CB0D9100DFAF54 /* main.js */,
			);
			path = Js;
			sourceTree = "<group>";
		};
		41EB623225CB105E00DFAF54 /* Extensions */ = {
			isa = PBXGroup;
			children = (
				41EB623325CB107B00DFAF54 /* UIViewExtension.swift */,
				41941BB3261B985700AE9C06 /* NSMutableAttributedStringExtension.swift */,
				41FD73D52638D2FB00454A82 /* UIDeviceExtension.swift */,
				4177D4CB26606CCE000A8CDB /* CaseIterableExtension.swift */,
			);
			path = Extensions;
			sourceTree = "<group>";
		};
		CFF6E8651ECCF9A163FC64E6 /* Frameworks */ = {
			isa = PBXGroup;
			children = (
				41DF99E525E1569F006F3CDE /* VideoToolbox.framework */,
				41DF99E325E15690006F3CDE /* UIKit.framework */,
				41DF99E125E15685006F3CDE /* Security.framework */,
				41DF99DF25E1567D006F3CDE /* QuartzCore.framework */,
				41DF99DD25E15671006F3CDE /* OpenGLES.framework */,
				41DF99DA25E1565E006F3CDE /* libiconv.tbd */,
				41DF99D725E15648006F3CDE /* libbz2.tbd */,
				41DF99D525E15636006F3CDE /* Foundation.framework */,
				41DF99D325E1562C006F3CDE /* CoreVideo.framework */,
				41DF99D125E15625006F3CDE /* CoreText.framework */,
				41DF99CF25E1561E006F3CDE /* CoreMedia.framework */,
				41DF99CD25E15615006F3CDE /* CoreGraphics.framework */,
				41DF99CB25E15608006F3CDE /* CoreFoundation.framework */,
				41DF99C925E155FC006F3CDE /* CFNetwork.framework */,
				41DF99C725E155F2006F3CDE /* AVFoundation.framework */,
				41DF99C525E155E6006F3CDE /* AudioToolbox.framework */,
				FFC7645FC27AF6182441B077 /* Pods_JJCam.framework */,
			);
			name = Frameworks;
			sourceTree = "<group>";
		};
/* End PBXGroup section */

/* Begin PBXNativeTarget section */
		412A156B25C5A070007C9141 /* JJCam */ = {
			isa = PBXNativeTarget;
			buildConfigurationList = 412A158125C5A072007C9141 /* Build configuration list for PBXNativeTarget "JJCam" */;
			buildPhases = (
				ACE70EC070430686D847BCD2 /* [CP] Check Pods Manifest.lock */,
				412A156825C5A070007C9141 /* Sources */,
				412A156925C5A070007C9141 /* Frameworks */,
				412A156A25C5A070007C9141 /* Resources */,
				38FC46C8F1439233B8392A07 /* [CP] Embed Pods Frameworks */,
			);
			buildRules = (
			);
			dependencies = (
			);
			name = JJCam;
			productName = testSwifter;
			productReference = 412A156C25C5A070007C9141 /* JJCam.app */;
			productType = "com.apple.product-type.application";
		};
/* End PBXNativeTarget section */

/* Begin PBXProject section */
		412A156425C5A070007C9141 /* Project object */ = {
			isa = PBXProject;
			attributes = {
				LastSwiftUpdateCheck = 1240;
				LastUpgradeCheck = 1240;
				TargetAttributes = {
					412A156B25C5A070007C9141 = {
						CreatedOnToolsVersion = 12.4;
					};
				};
			};
			buildConfigurationList = 412A156725C5A070007C9141 /* Build configuration list for PBXProject "JJCam" */;
			compatibilityVersion = "Xcode 9.3";
			developmentRegion = en;
			hasScannedForEncodings = 0;
			knownRegions = (
				en,
				Base,
			);
			mainGroup = 412A156325C5A070007C9141;
			productRefGroup = 412A156D25C5A070007C9141 /* Products */;
			projectDirPath = "";
			projectRoot = "";
			targets = (
				412A156B25C5A070007C9141 /* JJCam */,
			);
		};
/* End PBXProject section */

/* Begin PBXResourcesBuildPhase section */
		412A156A25C5A070007C9141 /* Resources */ = {
			isa = PBXResourcesBuildPhase;
			buildActionMask = 2147483647;
			files = (
				412A157D25C5A072007C9141 /* LaunchScreen.storyboard in Resources */,
				41119515263F80F500ACB11C /* Help.storyboard in Resources */,
				4122CD65266595850039B8D5 /* HelpTableViewCell.xib in Resources */,
				411676A2264F33860098F839 /* jquery.min.js in Resources */,
				41DF99E925E15733006F3CDE /* WatchCamera.storyboard in Resources */,
				41EB622D25CB0D8200DFAF54 /* main.css in Resources */,
				41DF99C025E152DE006F3CDE /* CameraTableViewCell.xib in Resources */,
				41034FB225DC0CEA00109D3A /* About.storyboard in Resources */,
				41EB622625CAF1DC00DFAF54 /* home.html in Resources */,
				41EB623025CB0D9100DFAF54 /* main.js in Resources */,
				41803AFF25DAE3E80070803F /* Devices.storyboard in Resources */,
				412A157A25C5A072007C9141 /* Assets.xcassets in Resources */,
				41803B2525DAF7C80070803F /* SettingsTableViewCell.xib in Resources */,
				4185C5EC266D7C76004D9141 /* Questions.json in Resources */,
				41DF99F625E17FA4006F3CDE /* successCircle.svg in Resources */,
				41803B1225DAF5860070803F /* Settings.storyboard in Resources */,
				417C361B25E14C16005C2C4C /* Cameras.storyboard in Resources */,
				41E04208265B13280092D277 /* Authentication.storyboard in Resources */,
				41803B1A25DAF6320070803F /* NewDevice.storyboard in Resources */,
				41803B0625DAE4770070803F /* DeviceTableViewCell.xib in Resources */,
				412A157525C5A070007C9141 /* Main.storyboard in Resources */,
				410A87F02686905100EB52FE /* Views.storyboard in Resources */,
				411676A0264F2F6F0098F839 /* materialize.min.css in Resources */,
				410EE1AA25EC02EB007B9620 /* NewView.storyboard in Resources */,
			);
			runOnlyForDeploymentPostprocessing = 0;
		};
/* End PBXResourcesBuildPhase section */

/* Begin PBXShellScriptBuildPhase section */
		38FC46C8F1439233B8392A07 /* [CP] Embed Pods Frameworks */ = {
			isa = PBXShellScriptBuildPhase;
			buildActionMask = 2147483647;
			files = (
			);
			inputFileListPaths = (
				"${PODS_ROOT}/Target Support Files/Pods-JJCam/Pods-JJCam-frameworks-${CONFIGURATION}-input-files.xcfilelist",
			);
			name = "[CP] Embed Pods Frameworks";
			outputFileListPaths = (
				"${PODS_ROOT}/Target Support Files/Pods-JJCam/Pods-JJCam-frameworks-${CONFIGURATION}-output-files.xcfilelist",
			);
			runOnlyForDeploymentPostprocessing = 0;
			shellPath = /bin/sh;
			shellScript = "\"${PODS_ROOT}/Target Support Files/Pods-JJCam/Pods-JJCam-frameworks.sh\"\n";
			showEnvVarsInLog = 0;
		};
		ACE70EC070430686D847BCD2 /* [CP] Check Pods Manifest.lock */ = {
			isa = PBXShellScriptBuildPhase;
			buildActionMask = 2147483647;
			files = (
			);
			inputFileListPaths = (
			);
			inputPaths = (
				"${PODS_PODFILE_DIR_PATH}/Podfile.lock",
				"${PODS_ROOT}/Manifest.lock",
			);
			name = "[CP] Check Pods Manifest.lock";
			outputFileListPaths = (
			);
			outputPaths = (
				"$(DERIVED_FILE_DIR)/Pods-JJCam-checkManifestLockResult.txt",
			);
			runOnlyForDeploymentPostprocessing = 0;
			shellPath = /bin/sh;
			shellScript = "diff \"${PODS_PODFILE_DIR_PATH}/Podfile.lock\" \"${PODS_ROOT}/Manifest.lock\" > /dev/null\nif [ $? != 0 ] ; then\n    # print error to STDERR\n    echo \"error: The sandbox is not in sync with the Podfile.lock. Run 'pod install' or update your CocoaPods installation.\" >&2\n    exit 1\nfi\n# This output is used by Xcode 'outputs' to avoid re-running this script phase.\necho \"SUCCESS\" > \"${SCRIPT_OUTPUT_FILE_0}\"\n";
			showEnvVarsInLog = 0;
		};
/* End PBXShellScriptBuildPhase section */

/* Begin PBXSourcesBuildPhase section */
		412A156825C5A070007C9141 /* Sources */ = {
			isa = PBXSourcesBuildPhase;
			buildActionMask = 2147483647;
			files = (
				41803AF925DAB3030070803F /* DeviceManager.swift in Sources */,
				41803B1D25DAF64F0070803F /* NewDeviceViewController.swift in Sources */,
				4122CD63266594ED0039B8D5 /* HelpTableViewCell.swift in Sources */,
				4113FF762619FA9C0055428F /* CircularProgressView.swift in Sources */,
				41DF99C325E152F1006F3CDE /* CameraTableViewCell.swift in Sources */,
				4133D756265B16E900D7475A /* AuthenticationViewController.swift in Sources */,
				410EE1AD25EC047A007B9620 /* NewViewViewController.swift in Sources */,
				41DF99EC25E1575C006F3CDE /* WatchCameraViewController.swift in Sources */,
				4133D758265B1DF300D7475A /* SettingsAuthenticationViewController.swift in Sources */,
				4177D4CC26606CCE000A8CDB /* CaseIterableExtension.swift in Sources */,
				41EB623425CB107B00DFAF54 /* UIViewExtension.swift in Sources */,
				415846A925DC4E1300EAEF4D /* JJCam.xcdatamodeld in Sources */,
				4133D754265B156300D7475A /* Authentication.swift in Sources */,
				41803B0225DAE3FC0070803F /* DevicesTableViewController.swift in Sources */,
				41803B0925DAE4C40070803F /* DeviceTableViewCell.swift in Sources */,
				412A157025C5A070007C9141 /* AppDelegate.swift in Sources */,
				41119517263F810600ACB11C /* HelpViewController.swift in Sources */,
				41034FB525DC0DBF00109D3A /* AboutViewController.swift in Sources */,
				410A87F2268690C300EB52FE /* ViewsTableViewController.swift in Sources */,
				4167B4A825EC54580072C054 /* Utils.swift in Sources */,
				41803B2225DAF7B40070803F /* SettingsTableViewCell.swift in Sources */,
				41803B1725DAF5B70070803F /* SettingsTableViewController.swift in Sources */,
				417C362225E14E3B005C2C4C /* CamerasViewController.swift in Sources */,
				4115FC1625C84CEA00DDE4C9 /* Server.swift in Sources */,
				4115FC1C25C8624C00DDE4C9 /* VerificationCode.swift in Sources */,
				41FD73D62638D2FB00454A82 /* UIDeviceExtension.swift in Sources */,
				41941BB4261B985700AE9C06 /* NSMutableAttributedStringExtension.swift in Sources */,
				410EE1A725EBCD19007B9620 /* CameraView.swift in Sources */,
			);
			runOnlyForDeploymentPostprocessing = 0;
		};
/* End PBXSourcesBuildPhase section */

/* Begin PBXVariantGroup section */
		412A157325C5A070007C9141 /* Main.storyboard */ = {
			isa = PBXVariantGroup;
			children = (
				412A157425C5A070007C9141 /* Base */,
			);
			name = Main.storyboard;
			sourceTree = "<group>";
		};
		412A157B25C5A072007C9141 /* LaunchScreen.storyboard */ = {
			isa = PBXVariantGroup;
			children = (
				412A157C25C5A072007C9141 /* Base */,
			);
			name = LaunchScreen.storyboard;
			sourceTree = "<group>";
		};
/* End PBXVariantGroup section */

/* Begin XCBuildConfiguration section */
		412A157F25C5A072007C9141 /* Debug */ = {
			isa = XCBuildConfiguration;
			buildSettings = {
				ALWAYS_SEARCH_USER_PATHS = NO;
				CLANG_ANALYZER_NONNULL = YES;
				CLANG_ANALYZER_NUMBER_OBJECT_CONVERSION = YES_AGGRESSIVE;
				CLANG_CXX_LANGUAGE_STANDARD = "gnu++14";
				CLANG_CXX_LIBRARY = "libc++";
				CLANG_ENABLE_MODULES = YES;
				CLANG_ENABLE_OBJC_ARC = YES;
				CLANG_ENABLE_OBJC_WEAK = YES;
				CLANG_WARN_BLOCK_CAPTURE_AUTORELEASING = YES;
				CLANG_WARN_BOOL_CONVERSION = YES;
				CLANG_WARN_COMMA = YES;
				CLANG_WARN_CONSTANT_CONVERSION = YES;
				CLANG_WARN_DEPRECATED_OBJC_IMPLEMENTATIONS = YES;
				CLANG_WARN_DIRECT_OBJC_ISA_USAGE = YES_ERROR;
				CLANG_WARN_DOCUMENTATION_COMMENTS = YES;
				CLANG_WARN_EMPTY_BODY = YES;
				CLANG_WARN_ENUM_CONVERSION = YES;
				CLANG_WARN_INFINITE_RECURSION = YES;
				CLANG_WARN_INT_CONVERSION = YES;
				CLANG_WARN_NON_LITERAL_NULL_CONVERSION = YES;
				CLANG_WARN_OBJC_IMPLICIT_RETAIN_SELF = YES;
				CLANG_WARN_OBJC_LITERAL_CONVERSION = YES;
				CLANG_WARN_OBJC_ROOT_CLASS = YES_ERROR;
				CLANG_WARN_QUOTED_INCLUDE_IN_FRAMEWORK_HEADER = YES;
				CLANG_WARN_RANGE_LOOP_ANALYSIS = YES;
				CLANG_WARN_STRICT_PROTOTYPES = YES;
				CLANG_WARN_SUSPICIOUS_MOVE = YES;
				CLANG_WARN_UNGUARDED_AVAILABILITY = YES_AGGRESSIVE;
				CLANG_WARN_UNREACHABLE_CODE = YES;
				CLANG_WARN__DUPLICATE_METHOD_MATCH = YES;
				COPY_PHASE_STRIP = NO;
				DEBUG_INFORMATION_FORMAT = dwarf;
				ENABLE_STRICT_OBJC_MSGSEND = YES;
				ENABLE_TESTABILITY = YES;
				GCC_C_LANGUAGE_STANDARD = gnu11;
				GCC_DYNAMIC_NO_PIC = NO;
				GCC_NO_COMMON_BLOCKS = YES;
				GCC_OPTIMIZATION_LEVEL = 0;
				GCC_PREPROCESSOR_DEFINITIONS = (
					"DEBUG=1",
					"$(inherited)",
				);
				GCC_WARN_64_TO_32_BIT_CONVERSION = YES;
				GCC_WARN_ABOUT_RETURN_TYPE = YES_ERROR;
				GCC_WARN_UNDECLARED_SELECTOR = YES;
				GCC_WARN_UNINITIALIZED_AUTOS = YES_AGGRESSIVE;
				GCC_WARN_UNUSED_FUNCTION = YES;
				GCC_WARN_UNUSED_VARIABLE = YES;
				MTL_ENABLE_DEBUG_INFO = INCLUDE_SOURCE;
				MTL_FAST_MATH = YES;
				ONLY_ACTIVE_ARCH = YES;
				SDKROOT = appletvos;
				SWIFT_ACTIVE_COMPILATION_CONDITIONS = DEBUG;
				SWIFT_OPTIMIZATION_LEVEL = "-Onone";
				TVOS_DEPLOYMENT_TARGET = 14.3;
			};
			name = Debug;
		};
		412A158025C5A072007C9141 /* Release */ = {
			isa = XCBuildConfiguration;
			buildSettings = {
				ALWAYS_SEARCH_USER_PATHS = NO;
				CLANG_ANALYZER_NONNULL = YES;
				CLANG_ANALYZER_NUMBER_OBJECT_CONVERSION = YES_AGGRESSIVE;
				CLANG_CXX_LANGUAGE_STANDARD = "gnu++14";
				CLANG_CXX_LIBRARY = "libc++";
				CLANG_ENABLE_MODULES = YES;
				CLANG_ENABLE_OBJC_ARC = YES;
				CLANG_ENABLE_OBJC_WEAK = YES;
				CLANG_WARN_BLOCK_CAPTURE_AUTORELEASING = YES;
				CLANG_WARN_BOOL_CONVERSION = YES;
				CLANG_WARN_COMMA = YES;
				CLANG_WARN_CONSTANT_CONVERSION = YES;
				CLANG_WARN_DEPRECATED_OBJC_IMPLEMENTATIONS = YES;
				CLANG_WARN_DIRECT_OBJC_ISA_USAGE = YES_ERROR;
				CLANG_WARN_DOCUMENTATION_COMMENTS = YES;
				CLANG_WARN_EMPTY_BODY = YES;
				CLANG_WARN_ENUM_CONVERSION = YES;
				CLANG_WARN_INFINITE_RECURSION = YES;
				CLANG_WARN_INT_CONVERSION = YES;
				CLANG_WARN_NON_LITERAL_NULL_CONVERSION = YES;
				CLANG_WARN_OBJC_IMPLICIT_RETAIN_SELF = YES;
				CLANG_WARN_OBJC_LITERAL_CONVERSION = YES;
				CLANG_WARN_OBJC_ROOT_CLASS = YES_ERROR;
				CLANG_WARN_QUOTED_INCLUDE_IN_FRAMEWORK_HEADER = YES;
				CLANG_WARN_RANGE_LOOP_ANALYSIS = YES;
				CLANG_WARN_STRICT_PROTOTYPES = YES;
				CLANG_WARN_SUSPICIOUS_MOVE = YES;
				CLANG_WARN_UNGUARDED_AVAILABILITY = YES_AGGRESSIVE;
				CLANG_WARN_UNREACHABLE_CODE = YES;
				CLANG_WARN__DUPLICATE_METHOD_MATCH = YES;
				COPY_PHASE_STRIP = NO;
				DEBUG_INFORMATION_FORMAT = "dwarf-with-dsym";
				ENABLE_NS_ASSERTIONS = NO;
				ENABLE_STRICT_OBJC_MSGSEND = YES;
				GCC_C_LANGUAGE_STANDARD = gnu11;
				GCC_NO_COMMON_BLOCKS = YES;
				GCC_WARN_64_TO_32_BIT_CONVERSION = YES;
				GCC_WARN_ABOUT_RETURN_TYPE = YES_ERROR;
				GCC_WARN_UNDECLARED_SELECTOR = YES;
				GCC_WARN_UNINITIALIZED_AUTOS = YES_AGGRESSIVE;
				GCC_WARN_UNUSED_FUNCTION = YES;
				GCC_WARN_UNUSED_VARIABLE = YES;
				MTL_ENABLE_DEBUG_INFO = NO;
				MTL_FAST_MATH = YES;
				SDKROOT = appletvos;
				SWIFT_COMPILATION_MODE = wholemodule;
				SWIFT_OPTIMIZATION_LEVEL = "-O";
				TVOS_DEPLOYMENT_TARGET = 14.3;
				VALIDATE_PRODUCT = YES;
			};
			name = Release;
		};
		412A158225C5A072007C9141 /* Debug */ = {
			isa = XCBuildConfiguration;
			baseConfigurationReference = 61B869FC29B5A7B7D953D446 /* Pods-JJCam.debug.xcconfig */;
			buildSettings = {
				ASSETCATALOG_COMPILER_APPICON_NAME = "App Icon & Top Shelf Image";
				ASSETCATALOG_COMPILER_GLOBAL_ACCENT_COLOR_NAME = AccentColor;
				CODE_SIGN_STYLE = Automatic;
				DEVELOPMENT_TEAM = X32H5H3K5C;
				INFOPLIST_FILE = JJCam/Info.plist;
				LD_RUNPATH_SEARCH_PATHS = (
					"$(inherited)",
					"@executable_path/Frameworks",
				);
				PRODUCT_BUNDLE_IDENTIFIER = br.eng.jairo.jjcam;
				PRODUCT_NAME = "$(TARGET_NAME)";
				SWIFT_VERSION = 5.0;
				TARGETED_DEVICE_FAMILY = 3;
				TVOS_DEPLOYMENT_TARGET = 14.1;
			};
			name = Debug;
		};
		412A158325C5A072007C9141 /* Release */ = {
			isa = XCBuildConfiguration;
			baseConfigurationReference = EFEF1143BE811DDA164EB86F /* Pods-JJCam.release.xcconfig */;
			buildSettings = {
				ASSETCATALOG_COMPILER_APPICON_NAME = "App Icon & Top Shelf Image";
				ASSETCATALOG_COMPILER_GLOBAL_ACCENT_COLOR_NAME = AccentColor;
				CODE_SIGN_STYLE = Automatic;
				DEVELOPMENT_TEAM = X32H5H3K5C;
				INFOPLIST_FILE = JJCam/Info.plist;
				LD_RUNPATH_SEARCH_PATHS = (
					"$(inherited)",
					"@executable_path/Frameworks",
				);
				PRODUCT_BUNDLE_IDENTIFIER = br.eng.jairo.jjcam;
				PRODUCT_NAME = "$(TARGET_NAME)";
				SWIFT_VERSION = 5.0;
				TARGETED_DEVICE_FAMILY = 3;
				TVOS_DEPLOYMENT_TARGET = 14.1;
			};
			name = Release;
		};
/* End XCBuildConfiguration section */

/* Begin XCConfigurationList section */
		412A156725C5A070007C9141 /* Build configuration list for PBXProject "JJCam" */ = {
			isa = XCConfigurationList;
			buildConfigurations = (
				412A157F25C5A072007C9141 /* Debug */,
				412A158025C5A072007C9141 /* Release */,
			);
			defaultConfigurationIsVisible = 0;
			defaultConfigurationName = Release;
		};
		412A158125C5A072007C9141 /* Build configuration list for PBXNativeTarget "JJCam" */ = {
			isa = XCConfigurationList;
			buildConfigurations = (
				412A158225C5A072007C9141 /* Debug */,
				412A158325C5A072007C9141 /* Release */,
			);
			defaultConfigurationIsVisible = 0;
			defaultConfigurationName = Release;
		};
/* End XCConfigurationList section */

/* Begin XCVersionGroup section */
		415846A725DC4E1300EAEF4D /* JJCam.xcdatamodeld */ = {
			isa = XCVersionGroup;
			children = (
				415846A825DC4E1300EAEF4D /* JJCam.xcdatamodel */,
			);
			currentVersion = 415846A825DC4E1300EAEF4D /* JJCam.xcdatamodel */;
			path = JJCam.xcdatamodeld;
			sourceTree = "<group>";
			versionGroupType = wrapper.xcdatamodel;
		};
/* End XCVersionGroup section */
	};
	rootObject = 412A156425C5A070007C9141 /* Project object */;
}
